
Microsoft Visual Studio Solution File, Format Version 12.00
# Visual Studio Version 17
VisualStudioVersion = 17.9.34701.34
MinimumVisualStudioVersion = 10.0.40219.1
Project("{FAE04EC0-301F-11D3-BF4B-00C04F79EFBC}") = "YunusVeKayraConsoleApp", "YunusVeKayraConsoleApp\YunusVeKayraConsoleApp.csproj", "{D4B69B5E-5B3F-4EC3-B6E4-ADB8A3990E57}"
EndProject
Global
	GlobalSection(SolutionConfigurationPlatforms) = preSolution
		Debug|Any CPU = Debug|Any CPU
		Release|Any CPU = Release|Any CPU
	EndGlobalSection
	GlobalSection(ProjectConfigurationPlatforms) = postSolution
		{D4B69B5E-5B3F-4EC3-B6E4-ADB8A3990E57}.Debug|Any CPU.ActiveCfg = Debug|Any CPU
		{D4B69B5E-5B3F-4EC3-B6E4-ADB8A3990E57}.Debug|Any CPU.Build.0 = Debug|Any CPU
		{D4B69B5E-5B3F-4EC3-B6E4-ADB8A3990E57}.Release|Any CPU.ActiveCfg = Release|Any CPU
		{D4B69B5E-5B3F-4EC3-B6E4-ADB8A3990E57}.Release|Any CPU.Build.0 = Release|Any CPU
	EndGlobalSection
	GlobalSection(SolutionProperties) = preSolution
		HideSolutionNode = FALSE
	EndGlobalSection
	GlobalSection(ExtensibilityGlobals) = postSolution
		SolutionGuid = {F951E300-D6E0-44E2-BDCD-EFE7D15AD454}
	EndGlobalSection
EndGlobal
